
Microsoft Visual Studio Solution File, Format Version 12.00
# Visual Studio Version 17
VisualStudioVersion = 17.4.33403.182
MinimumVisualStudioVersion = 10.0.40219.1
Project("{8BC9CEB8-8B4A-11D0-8D11-00A0C91BC942}") = "poker_advance", "poker_advance\poker_advance.vcxproj", "{A097C873-F4B8-41AD-A4F2-BD1E2AC94CBF}"
EndProject
Project("{8BC9CEB8-8B4A-11D0-8D11-00A0C91BC942}") = "advance_test", "advance_test\advance_test.vcxproj", "{FB63C119-80EE-42EA-BB3C-3AFDBCD4D7E8}"
EndProject
Global
	GlobalSection(SolutionConfigurationPlatforms) = preSolution
		Debug|x64 = Debug|x64
		Debug|x86 = Debug|x86
		Release|x64 = Release|x64
		Release|x86 = Release|x86
	EndGlobalSection
	GlobalSection(ProjectConfigurationPlatforms) = postSolution
		{A097C873-F4B8-41AD-A4F2-BD1E2AC94CBF}.Debug|x64.ActiveCfg = Debug|x64
		{A097C873-F4B8-41AD-A4F2-BD1E2AC94CBF}.Debug|x64.Build.0 = Debug|x64
		{A097C873-F4B8-41AD-A4F2-BD1E2AC94CBF}.Debug|x86.ActiveCfg = Debug|Win32
		{A097C873-F4B8-41AD-A4F2-BD1E2AC94CBF}.Debug|x86.Build.0 = Debug|Win32
		{A097C873-F4B8-41AD-A4F2-BD1E2AC94CBF}.Release|x64.ActiveCfg = Release|x64
		{A097C873-F4B8-41AD-A4F2-BD1E2AC94CBF}.Release|x64.Build.0 = Release|x64
		{A097C873-F4B8-41AD-A4F2-BD1E2AC94CBF}.Release|x86.ActiveCfg = Release|Win32
		{A097C873-F4B8-41AD-A4F2-BD1E2AC94CBF}.Release|x86.Build.0 = Release|Win32
		{FB63C119-80EE-42EA-BB3C-3AFDBCD4D7E8}.Debug|x64.ActiveCfg = Debug|x64
		{FB63C119-80EE-42EA-BB3C-3AFDBCD4D7E8}.Debug|x64.Build.0 = Debug|x64
		{FB63C119-80EE-42EA-BB3C-3AFDBCD4D7E8}.Debug|x86.ActiveCfg = Debug|Win32
		{FB63C119-80EE-42EA-BB3C-3AFDBCD4D7E8}.Debug|x86.Build.0 = Debug|Win32
		{FB63C119-80EE-42EA-BB3C-3AFDBCD4D7E8}.Release|x64.ActiveCfg = Release|x64
		{FB63C119-80EE-42EA-BB3C-3AFDBCD4D7E8}.Release|x64.Build.0 = Release|x64
		{FB63C119-80EE-42EA-BB3C-3AFDBCD4D7E8}.Release|x86.ActiveCfg = Release|Win32
		{FB63C119-80EE-42EA-BB3C-3AFDBCD4D7E8}.Release|x86.Build.0 = Release|Win32
	EndGlobalSection
	GlobalSection(SolutionProperties) = preSolution
		HideSolutionNode = FALSE
	EndGlobalSection
	GlobalSection(ExtensibilityGlobals) = postSolution
		SolutionGuid = {F4AD843F-41B0-4199-A6F3-11DEF36F0DEF}
	EndGlobalSection
EndGlobal
